
Microsoft Visual Studio Solution File, Format Version 12.00
# Visual Studio Version 17
VisualStudioVersion = 17.5.33414.496
MinimumVisualStudioVersion = 10.0.40219.1
Project("{8BC9CEB8-8B4A-11D0-8D11-00A0C91BC942}") = "Finalexam_160", "Finalexam_160\Finalexam_160.vcxproj", "{6EED4BB8-6733-4D34-BFBA-A5DC04A123BB}"
EndProject
Project("{2150E333-8FDC-42A3-9474-1A3956D46DE8}") = "Solution Items", "Solution Items", "{C177870B-3780-45A9-BA91-A23D33ECB50D}"
EndProject
Global
	GlobalSection(SolutionConfigurationPlatforms) = preSolution
		Debug|x64 = Debug|x64
		Debug|x86 = Debug|x86
		Release|x64 = Release|x64
		Release|x86 = Release|x86
	EndGlobalSection
	GlobalSection(ProjectConfigurationPlatforms) = postSolution
		{6EED4BB8-6733-4D34-BFBA-A5DC04A123BB}.Debug|x64.ActiveCfg = Debug|x64
		{6EED4BB8-6733-4D34-BFBA-A5DC04A123BB}.Debug|x64.Build.0 = Debug|x64
		{6EED4BB8-6733-4D34-BFBA-A5DC04A123BB}.Debug|x86.ActiveCfg = Debug|Win32
		{6EED4BB8-6733-4D34-BFBA-A5DC04A123BB}.Debug|x86.Build.0 = Debug|Win32
		{6EED4BB8-6733-4D34-BFBA-A5DC04A123BB}.Release|x64.ActiveCfg = Release|x64
		{6EED4BB8-6733-4D34-BFBA-A5DC04A123BB}.Release|x64.Build.0 = Release|x64
		{6EED4BB8-6733-4D34-BFBA-A5DC04A123BB}.Release|x86.ActiveCfg = Release|Win32
		{6EED4BB8-6733-4D34-BFBA-A5DC04A123BB}.Release|x86.Build.0 = Release|Win32
	EndGlobalSection
	GlobalSection(SolutionProperties) = preSolution
		HideSolutionNode = FALSE
	EndGlobalSection
	GlobalSection(ExtensibilityGlobals) = postSolution
		SolutionGuid = {C148B8E8-4F6E-4E1F-99EC-F420FAD1DEF7}
	EndGlobalSection
EndGlobal
